{
  "object": {
    "pins": [
      {
        "package": "Socket",
        "repositoryURL": "https://github.com/IBM-Swift/BlueSocket.git",
        "state": {
          "branch": null,
          "revision": "ce36f72f2c36b88f847de50c8c0ed8021ff80097",
          "version": "1.0.16"
        }
      },
      {
        "package": "SwiftHttpServer",
        "repositoryURL": "https://github.com/bjtj/swift-http-server.git",
        "state": {
          "branch": null,
          "revision": "56d17e09b41e682e497469e12e51584e32560554",
          "version": "0.1.6"
        }
      },
      {
        "package": "SwiftXml",
        "repositoryURL": "https://github.com/bjtj/swift-xml.git",
        "state": {
          "branch": null,
          "revision": "2a922fbc2cc7a68026ed180448b5ddbfd19d5774",
          "version": "0.1.6"
        }
      }
    ]
  },
  "version": 1
}
