{
  "object": {
    "pins": [
      {
        "package": "Socket",
        "repositoryURL": "https://github.com/IBM-Swift/BlueSocket.git",
        "state": {
          "branch": null,
          "revision": "c9894fd117457f1d006575fbfb2fdfd6f79eac03",
          "version": "1.0.200"
        }
      },
      {
        "package": "SwiftHttpServer",
        "repositoryURL": "https://github.com/bjtj/swift-http-server.git",
        "state": {
          "branch": null,
          "revision": "84e60a4920fa398490ecda27fecc5415bb2d0075",
          "version": "0.1.20"
        }
      },
      {
        "package": "SwiftXml",
        "repositoryURL": "https://github.com/bjtj/swift-xml.git",
        "state": {
          "branch": null,
          "revision": "e8920fc39b11c8aa8e18545635439372628f0012",
          "version": "0.1.11"
        }
      }
    ]
  },
  "version": 1
}
