{
  "object": {
    "pins": [
      {
        "package": "Socket",
        "repositoryURL": "https://github.com/IBM-Swift/BlueSocket.git",
        "state": {
          "branch": null,
          "revision": "c9894fd117457f1d006575fbfb2fdfd6f79eac03",
          "version": "1.0.200"
        }
      },
      {
        "package": "SwiftHttpServer",
        "repositoryURL": "https://github.com/bjtj/swift-http-server.git",
        "state": {
          "branch": null,
          "revision": "1f17a3ad4f0e326b40fda5a82543bf64f2378e22",
          "version": "0.1.23"
        }
      },
      {
        "package": "SwiftXml",
        "repositoryURL": "https://github.com/bjtj/swift-xml.git",
        "state": {
          "branch": null,
          "revision": "65ac296d6bf0460910664c1ee4786b8a1d545dab",
          "version": "0.1.14"
        }
      }
    ]
  },
  "version": 1
}
